
Microsoft Visual Studio Solution File, Format Version 12.00
# Visual Studio 15
VisualStudioVersion = 15.0.27428.2002
MinimumVisualStudioVersion = 10.0.40219.1
Project("{FAE04EC0-301F-11D3-BF4B-00C04F79EFBC}") = "AbstractFactory_Cidades", "AbstractFactory_Cidades\AbstractFactory_Cidades.csproj", "{8E29B347-DAB5-4C16-A598-1F119F21B769}"
EndProject
Global
	GlobalSection(SolutionConfigurationPlatforms) = preSolution
		Debug|Any CPU = Debug|Any CPU
		Release|Any CPU = Release|Any CPU
	EndGlobalSection
	GlobalSection(ProjectConfigurationPlatforms) = postSolution
		{8E29B347-DAB5-4C16-A598-1F119F21B769}.Debug|Any CPU.ActiveCfg = Debug|Any CPU
		{8E29B347-DAB5-4C16-A598-1F119F21B769}.Debug|Any CPU.Build.0 = Debug|Any CPU
		{8E29B347-DAB5-4C16-A598-1F119F21B769}.Release|Any CPU.ActiveCfg = Release|Any CPU
		{8E29B347-DAB5-4C16-A598-1F119F21B769}.Release|Any CPU.Build.0 = Release|Any CPU
	EndGlobalSection
	GlobalSection(SolutionProperties) = preSolution
		HideSolutionNode = FALSE
	EndGlobalSection
	GlobalSection(ExtensibilityGlobals) = postSolution
		SolutionGuid = {65C5010F-3C6F-4BDF-A4A9-1FC1A75CD5B7}
	EndGlobalSection
EndGlobal
